
Microsoft Visual Studio Solution File, Format Version 12.00
# Visual Studio Version 17
VisualStudioVersion = 17.1.32228.430
MinimumVisualStudioVersion = 10.0.40219.1
Project("{FAE04EC0-301F-11D3-BF4B-00C04F79EFBC}") = "WebWorks", "WebWorks\WebWorks.csproj", "{D84739A5-CA94-4543-96B0-068481E619E9}"
EndProject
Global
	GlobalSection(SolutionConfigurationPlatforms) = preSolution
		Debug|Any CPU = Debug|Any CPU
		Release|Any CPU = Release|Any CPU
	EndGlobalSection
	GlobalSection(ProjectConfigurationPlatforms) = postSolution
		{D84739A5-CA94-4543-96B0-068481E619E9}.Debug|Any CPU.ActiveCfg = Debug|Any CPU
		{D84739A5-CA94-4543-96B0-068481E619E9}.Debug|Any CPU.Build.0 = Debug|Any CPU
		{D84739A5-CA94-4543-96B0-068481E619E9}.Release|Any CPU.ActiveCfg = Release|Any CPU
		{D84739A5-CA94-4543-96B0-068481E619E9}.Release|Any CPU.Build.0 = Release|Any CPU
	EndGlobalSection
	GlobalSection(SolutionProperties) = preSolution
		HideSolutionNode = FALSE
	EndGlobalSection
	GlobalSection(ExtensibilityGlobals) = postSolution
		SolutionGuid = {5CAA505C-3B2A-4AA1-80C5-5FF3330DF746}
	EndGlobalSection
EndGlobal
